
Microsoft Visual Studio Solution File, Format Version 12.00
# Visual Studio Version 17
VisualStudioVersion = 17.14.36908.2 d17.14
MinimumVisualStudioVersion = 10.0.40219.1
Project("{FAE04EC0-301F-11D3-BF4B-00C04F79EFBC}") = "Orchestration", "Orchestration.csproj", "{C9EECC8F-E8EF-4F89-8FD4-38DC00AE8260}"
EndProject
Global
	GlobalSection(SolutionConfigurationPlatforms) = preSolution
		Debug|Any CPU = Debug|Any CPU
		Release|Any CPU = Release|Any CPU
	EndGlobalSection
	GlobalSection(ProjectConfigurationPlatforms) = postSolution
		{C9EECC8F-E8EF-4F89-8FD4-38DC00AE8260}.Debug|Any CPU.ActiveCfg = Debug|Any CPU
		{C9EECC8F-E8EF-4F89-8FD4-38DC00AE8260}.Debug|Any CPU.Build.0 = Debug|Any CPU
		{C9EECC8F-E8EF-4F89-8FD4-38DC00AE8260}.Release|Any CPU.ActiveCfg = Release|Any CPU
		{C9EECC8F-E8EF-4F89-8FD4-38DC00AE8260}.Release|Any CPU.Build.0 = Release|Any CPU
	EndGlobalSection
	GlobalSection(SolutionProperties) = preSolution
		HideSolutionNode = FALSE
	EndGlobalSection
	GlobalSection(ExtensibilityGlobals) = postSolution
		SolutionGuid = {4114F96F-3D1E-4894-A928-5500E5ACE1EA}
	EndGlobalSection
EndGlobal
